
Microsoft Visual Studio Solution File, Format Version 12.00
# Visual Studio Version 17
VisualStudioVersion = 17.0.32112.339
MinimumVisualStudioVersion = 10.0.40219.1
Project("{FAE04EC0-301F-11D3-BF4B-00C04F79EFBC}") = "SD-300-W22SD-CodeDemonstrations", "SD-300-W22SD-CodeDemonstrations.csproj", "{CF41E448-1CC3-4EBE-8F0E-94F65EC7651B}"
EndProject
Global
	GlobalSection(SolutionConfigurationPlatforms) = preSolution
		Debug|Any CPU = Debug|Any CPU
		Release|Any CPU = Release|Any CPU
	EndGlobalSection
	GlobalSection(ProjectConfigurationPlatforms) = postSolution
		{CF41E448-1CC3-4EBE-8F0E-94F65EC7651B}.Debug|Any CPU.ActiveCfg = Debug|Any CPU
		{CF41E448-1CC3-4EBE-8F0E-94F65EC7651B}.Debug|Any CPU.Build.0 = Debug|Any CPU
		{CF41E448-1CC3-4EBE-8F0E-94F65EC7651B}.Release|Any CPU.ActiveCfg = Release|Any CPU
		{CF41E448-1CC3-4EBE-8F0E-94F65EC7651B}.Release|Any CPU.Build.0 = Release|Any CPU
	EndGlobalSection
	GlobalSection(SolutionProperties) = preSolution
		HideSolutionNode = FALSE
	EndGlobalSection
	GlobalSection(ExtensibilityGlobals) = postSolution
		SolutionGuid = {DF500E38-E942-48B8-BF7F-652BC32EBFBD}
	EndGlobalSection
EndGlobal
